
Microsoft Visual Studio Solution File, Format Version 12.00
# Visual Studio Version 17
VisualStudioVersion = 17.5.33530.505
MinimumVisualStudioVersion = 10.0.40219.1
Project("{C7167F0D-BC9F-4E6E-AFE1-012C56B48DB5}") = "DN Henkel Vision (Package)", "DN Henkel Vision (Package)\DN Henkel Vision (Package).wapproj", "{22FCD1E8-D552-4E1A-9DFF-F467F0281926}"
EndProject
Project("{9A19103F-16F7-4668-BE54-9A1E7A4F7556}") = "DN Henkel Vision", "DN Henkel Vision\DN Henkel Vision.csproj", "{333ADED0-5DED-4BD6-8392-BE8A89941273}"
EndProject
Global
	GlobalSection(SolutionConfigurationPlatforms) = preSolution
		Debug|ARM64 = Debug|ARM64
		Debug|x64 = Debug|x64
		Debug|x86 = Debug|x86
		Release|ARM64 = Release|ARM64
		Release|x64 = Release|x64
		Release|x86 = Release|x86
	EndGlobalSection
	GlobalSection(ProjectConfigurationPlatforms) = postSolution
		{22FCD1E8-D552-4E1A-9DFF-F467F0281926}.Debug|ARM64.ActiveCfg = Debug|ARM64
		{22FCD1E8-D552-4E1A-9DFF-F467F0281926}.Debug|ARM64.Build.0 = Debug|ARM64
		{22FCD1E8-D552-4E1A-9DFF-F467F0281926}.Debug|ARM64.Deploy.0 = Debug|ARM64
		{22FCD1E8-D552-4E1A-9DFF-F467F0281926}.Debug|x64.ActiveCfg = Debug|x64
		{22FCD1E8-D552-4E1A-9DFF-F467F0281926}.Debug|x64.Build.0 = Debug|x64
		{22FCD1E8-D552-4E1A-9DFF-F467F0281926}.Debug|x64.Deploy.0 = Debug|x64
		{22FCD1E8-D552-4E1A-9DFF-F467F0281926}.Debug|x86.ActiveCfg = Debug|x86
		{22FCD1E8-D552-4E1A-9DFF-F467F0281926}.Debug|x86.Build.0 = Debug|x86
		{22FCD1E8-D552-4E1A-9DFF-F467F0281926}.Debug|x86.Deploy.0 = Debug|x86
		{22FCD1E8-D552-4E1A-9DFF-F467F0281926}.Release|ARM64.ActiveCfg = Release|ARM64
		{22FCD1E8-D552-4E1A-9DFF-F467F0281926}.Release|ARM64.Build.0 = Release|ARM64
		{22FCD1E8-D552-4E1A-9DFF-F467F0281926}.Release|ARM64.Deploy.0 = Release|ARM64
		{22FCD1E8-D552-4E1A-9DFF-F467F0281926}.Release|x64.ActiveCfg = Release|x64
		{22FCD1E8-D552-4E1A-9DFF-F467F0281926}.Release|x64.Build.0 = Release|x64
		{22FCD1E8-D552-4E1A-9DFF-F467F0281926}.Release|x64.Deploy.0 = Release|x64
		{22FCD1E8-D552-4E1A-9DFF-F467F0281926}.Release|x86.ActiveCfg = Release|x86
		{22FCD1E8-D552-4E1A-9DFF-F467F0281926}.Release|x86.Build.0 = Release|x86
		{22FCD1E8-D552-4E1A-9DFF-F467F0281926}.Release|x86.Deploy.0 = Release|x86
		{333ADED0-5DED-4BD6-8392-BE8A89941273}.Debug|ARM64.ActiveCfg = Debug|ARM64
		{333ADED0-5DED-4BD6-8392-BE8A89941273}.Debug|ARM64.Build.0 = Debug|ARM64
		{333ADED0-5DED-4BD6-8392-BE8A89941273}.Debug|x64.ActiveCfg = Debug|x64
		{333ADED0-5DED-4BD6-8392-BE8A89941273}.Debug|x64.Build.0 = Debug|x64
		{333ADED0-5DED-4BD6-8392-BE8A89941273}.Debug|x86.ActiveCfg = Debug|x86
		{333ADED0-5DED-4BD6-8392-BE8A89941273}.Debug|x86.Build.0 = Debug|x86
		{333ADED0-5DED-4BD6-8392-BE8A89941273}.Release|ARM64.ActiveCfg = Release|ARM64
		{333ADED0-5DED-4BD6-8392-BE8A89941273}.Release|ARM64.Build.0 = Release|ARM64
		{333ADED0-5DED-4BD6-8392-BE8A89941273}.Release|x64.ActiveCfg = Release|x64
		{333ADED0-5DED-4BD6-8392-BE8A89941273}.Release|x64.Build.0 = Release|x64
		{333ADED0-5DED-4BD6-8392-BE8A89941273}.Release|x86.ActiveCfg = Release|x86
		{333ADED0-5DED-4BD6-8392-BE8A89941273}.Release|x86.Build.0 = Release|x86
	EndGlobalSection
	GlobalSection(SolutionProperties) = preSolution
		HideSolutionNode = FALSE
	EndGlobalSection
	GlobalSection(ExtensibilityGlobals) = postSolution
		SolutionGuid = {24183547-6351-4944-B504-45335832D77A}
	EndGlobalSection
EndGlobal
